// !$*UTF8*$!
{
	archiveVersion = 1;
	classes = {
	};
	objectVersion = 56;
	objects = {

/* Begin PBXBuildFile section */
		ED301A6C2B5BB5230014C8B4 /* Recipe.swift in Sources */ = {isa = PBXBuildFile; fileRef = ED301A6B2B5BB5230014C8B4 /* Recipe.swift */; };
		ED301A6F2B5BB7E10014C8B4 /* NetworkError.swift in Sources */ = {isa = PBXBuildFile; fileRef = ED301A6E2B5BB7E10014C8B4 /* NetworkError.swift */; };
		ED301A712B5BB8CC0014C8B4 /* ReceipeFetchService.swift in Sources */ = {isa = PBXBuildFile; fileRef = ED301A702B5BB8CC0014C8B4 /* ReceipeFetchService.swift */; };
		ED301A732B5C57BD0014C8B4 /* MainViewModel.swift in Sources */ = {isa = PBXBuildFile; fileRef = ED301A722B5C57BD0014C8B4 /* MainViewModel.swift */; };
		ED301A752B5C5A290014C8B4 /* MainView.swift in Sources */ = {isa = PBXBuildFile; fileRef = ED301A742B5C5A290014C8B4 /* MainView.swift */; };
		ED301A772B5C5A5D0014C8B4 /* SearchBar.swift in Sources */ = {isa = PBXBuildFile; fileRef = ED301A762B5C5A5D0014C8B4 /* SearchBar.swift */; };
		ED301A792B5C5A750014C8B4 /* CategoryView.swift in Sources */ = {isa = PBXBuildFile; fileRef = ED301A782B5C5A750014C8B4 /* CategoryView.swift */; };
		ED301A7B2B5C5A870014C8B4 /* RecipeRowView.swift in Sources */ = {isa = PBXBuildFile; fileRef = ED301A7A2B5C5A870014C8B4 /* RecipeRowView.swift */; };
		ED301A7D2B5C850E0014C8B4 /* NetworkErrorView.swift in Sources */ = {isa = PBXBuildFile; fileRef = ED301A7C2B5C850E0014C8B4 /* NetworkErrorView.swift */; };
		ED301A7F2B5C8BD70014C8B4 /* DetailedView.swift in Sources */ = {isa = PBXBuildFile; fileRef = ED301A7E2B5C8BD70014C8B4 /* DetailedView.swift */; };
		ED301A812B5C909A0014C8B4 /* RecipeDetails.swift in Sources */ = {isa = PBXBuildFile; fileRef = ED301A802B5C909A0014C8B4 /* RecipeDetails.swift */; };
		ED301A832B5C92360014C8B4 /* RecipeDetailsFetchService.swift in Sources */ = {isa = PBXBuildFile; fileRef = ED301A822B5C92360014C8B4 /* RecipeDetailsFetchService.swift */; };
		ED8558D62B5E35E400F069D1 /* AppDataModel.xcdatamodeld in Sources */ = {isa = PBXBuildFile; fileRef = ED8558D42B5E35E400F069D1 /* AppDataModel.xcdatamodeld */; };
		ED8558E02B5E380800F069D1 /* PersistenceController.swift in Sources */ = {isa = PBXBuildFile; fileRef = ED8558DF2B5E380800F069D1 /* PersistenceController.swift */; };
		EDAB65C12B5CF200001C9792 /* GenericFetch.swift in Sources */ = {isa = PBXBuildFile; fileRef = EDAB65C02B5CF200001C9792 /* GenericFetch.swift */; };
		EDFBAD212B5B35B3002D0E62 /* recipeAppApp.swift in Sources */ = {isa = PBXBuildFile; fileRef = EDFBAD202B5B35B3002D0E62 /* recipeAppApp.swift */; };
		EDFBAD232B5B35B3002D0E62 /* ContentView.swift in Sources */ = {isa = PBXBuildFile; fileRef = EDFBAD222B5B35B3002D0E62 /* ContentView.swift */; };
		EDFBAD252B5B35B4002D0E62 /* Assets.xcassets in Resources */ = {isa = PBXBuildFile; fileRef = EDFBAD242B5B35B4002D0E62 /* Assets.xcassets */; };
		EDFBAD282B5B35B4002D0E62 /* Preview Assets.xcassets in Resources */ = {isa = PBXBuildFile; fileRef = EDFBAD272B5B35B4002D0E62 /* Preview Assets.xcassets */; };
		EDFBAD322B5B35B4002D0E62 /* recipeAppTests.swift in Sources */ = {isa = PBXBuildFile; fileRef = EDFBAD312B5B35B4002D0E62 /* recipeAppTests.swift */; };
		EDFBAD3C2B5B35B4002D0E62 /* recipeAppUITests.swift in Sources */ = {isa = PBXBuildFile; fileRef = EDFBAD3B2B5B35B4002D0E62 /* recipeAppUITests.swift */; };
		EDFBAD3E2B5B35B4002D0E62 /* recipeAppUITestsLaunchTests.swift in Sources */ = {isa = PBXBuildFile; fileRef = EDFBAD3D2B5B35B4002D0E62 /* recipeAppUITestsLaunchTests.swift */; };
/* End PBXBuildFile section */

/* Begin PBXContainerItemProxy section */
		EDFBAD2E2B5B35B4002D0E62 /* PBXContainerItemProxy */ = {
			isa = PBXContainerItemProxy;
			containerPortal = EDFBAD152B5B35B3002D0E62 /* Project object */;
			proxyType = 1;
			remoteGlobalIDString = EDFBAD1C2B5B35B3002D0E62;
			remoteInfo = recipeApp;
		};
		EDFBAD382B5B35B4002D0E62 /* PBXContainerItemProxy */ = {
			isa = PBXContainerItemProxy;
			containerPortal = EDFBAD152B5B35B3002D0E62 /* Project object */;
			proxyType = 1;
			remoteGlobalIDString = EDFBAD1C2B5B35B3002D0E62;
			remoteInfo = recipeApp;
		};
/* End PBXContainerItemProxy section */

/* Begin PBXFileReference section */
		ED301A6B2B5BB5230014C8B4 /* Recipe.swift */ = {isa = PBXFileReference; lastKnownFileType = sourcecode.swift; path = Recipe.swift; sourceTree = "<group>"; };
		ED301A6E2B5BB7E10014C8B4 /* NetworkError.swift */ = {isa = PBXFileReference; lastKnownFileType = sourcecode.swift; path = NetworkError.swift; sourceTree = "<group>"; };
		ED301A702B5BB8CC0014C8B4 /* ReceipeFetchService.swift */ = {isa = PBXFileReference; lastKnownFileType = sourcecode.swift; path = ReceipeFetchService.swift; sourceTree = "<group>"; };
		ED301A722B5C57BD0014C8B4 /* MainViewModel.swift */ = {isa = PBXFileReference; lastKnownFileType = sourcecode.swift; path = MainViewModel.swift; sourceTree = "<group>"; };
		ED301A742B5C5A290014C8B4 /* MainView.swift */ = {isa = PBXFileReference; lastKnownFileType = sourcecode.swift; path = MainView.swift; sourceTree = "<group>"; };
		ED301A762B5C5A5D0014C8B4 /* SearchBar.swift */ = {isa = PBXFileReference; lastKnownFileType = sourcecode.swift; path = SearchBar.swift; sourceTree = "<group>"; };
		ED301A782B5C5A750014C8B4 /* CategoryView.swift */ = {isa = PBXFileReference; lastKnownFileType = sourcecode.swift; path = CategoryView.swift; sourceTree = "<group>"; };
		ED301A7A2B5C5A870014C8B4 /* RecipeRowView.swift */ = {isa = PBXFileReference; lastKnownFileType = sourcecode.swift; path = RecipeRowView.swift; sourceTree = "<group>"; };
		ED301A7C2B5C850E0014C8B4 /* NetworkErrorView.swift */ = {isa = PBXFileReference; lastKnownFileType = sourcecode.swift; path = NetworkErrorView.swift; sourceTree = "<group>"; };
		ED301A7E2B5C8BD70014C8B4 /* DetailedView.swift */ = {isa = PBXFileReference; lastKnownFileType = sourcecode.swift; path = DetailedView.swift; sourceTree = "<group>"; };
		ED301A802B5C909A0014C8B4 /* RecipeDetails.swift */ = {isa = PBXFileReference; lastKnownFileType = sourcecode.swift; path = RecipeDetails.swift; sourceTree = "<group>"; };
		ED301A822B5C92360014C8B4 /* RecipeDetailsFetchService.swift */ = {isa = PBXFileReference; lastKnownFileType = sourcecode.swift; path = RecipeDetailsFetchService.swift; sourceTree = "<group>"; };
		ED8558D52B5E35E400F069D1 /* AppDataModel.xcdatamodel */ = {isa = PBXFileReference; lastKnownFileType = wrapper.xcdatamodel; path = AppDataModel.xcdatamodel; sourceTree = "<group>"; };
		ED8558DF2B5E380800F069D1 /* PersistenceController.swift */ = {isa = PBXFileReference; lastKnownFileType = sourcecode.swift; path = PersistenceController.swift; sourceTree = "<group>"; };
		EDAB65C02B5CF200001C9792 /* GenericFetch.swift */ = {isa = PBXFileReference; lastKnownFileType = sourcecode.swift; path = GenericFetch.swift; sourceTree = "<group>"; };
		EDFBAD1D2B5B35B3002D0E62 /* recipeApp.app */ = {isa = PBXFileReference; explicitFileType = wrapper.application; includeInIndex = 0; path = recipeApp.app; sourceTree = BUILT_PRODUCTS_DIR; };
		EDFBAD202B5B35B3002D0E62 /* recipeAppApp.swift */ = {isa = PBXFileReference; lastKnownFileType = sourcecode.swift; path = recipeAppApp.swift; sourceTree = "<group>"; };
		EDFBAD222B5B35B3002D0E62 /* ContentView.swift */ = {isa = PBXFileReference; lastKnownFileType = sourcecode.swift; path = ContentView.swift; sourceTree = "<group>"; };
		EDFBAD242B5B35B4002D0E62 /* Assets.xcassets */ = {isa = PBXFileReference; lastKnownFileType = folder.assetcatalog; path = Assets.xcassets; sourceTree = "<group>"; };
		EDFBAD272B5B35B4002D0E62 /* Preview Assets.xcassets */ = {isa = PBXFileReference; lastKnownFileType = folder.assetcatalog; path = "Preview Assets.xcassets"; sourceTree = "<group>"; };
		EDFBAD2D2B5B35B4002D0E62 /* recipeAppTests.xctest */ = {isa = PBXFileReference; explicitFileType = wrapper.cfbundle; includeInIndex = 0; path = recipeAppTests.xctest; sourceTree = BUILT_PRODUCTS_DIR; };
		EDFBAD312B5B35B4002D0E62 /* recipeAppTests.swift */ = {isa = PBXFileReference; lastKnownFileType = sourcecode.swift; path = recipeAppTests.swift; sourceTree = "<group>"; };
		EDFBAD372B5B35B4002D0E62 /* recipeAppUITests.xctest */ = {isa = PBXFileReference; explicitFileType = wrapper.cfbundle; includeInIndex = 0; path = recipeAppUITests.xctest; sourceTree = BUILT_PRODUCTS_DIR; };
		EDFBAD3B2B5B35B4002D0E62 /* recipeAppUITests.swift */ = {isa = PBXFileReference; lastKnownFileType = sourcecode.swift; path = recipeAppUITests.swift; sourceTree = "<group>"; };
		EDFBAD3D2B5B35B4002D0E62 /* recipeAppUITestsLaunchTests.swift */ = {isa = PBXFileReference; lastKnownFileType = sourcecode.swift; path = recipeAppUITestsLaunchTests.swift; sourceTree = "<group>"; };
/* End PBXFileReference section */

/* Begin PBXFrameworksBuildPhase section */
		EDFBAD1A2B5B35B3002D0E62 /* Frameworks */ = {
			isa = PBXFrameworksBuildPhase;
			buildActionMask = 2147483647;
			files = (
			);
			runOnlyForDeploymentPostprocessing = 0;
		};
		EDFBAD2A2B5B35B4002D0E62 /* Frameworks */ = {
			isa = PBXFrameworksBuildPhase;
			buildActionMask = 2147483647;
			files = (
			);
			runOnlyForDeploymentPostprocessing = 0;
		};
		EDFBAD342B5B35B4002D0E62 /* Frameworks */ = {
			isa = PBXFrameworksBuildPhase;
			buildActionMask = 2147483647;
			files = (
			);
			runOnlyForDeploymentPostprocessing = 0;
		};
/* End PBXFrameworksBuildPhase section */

/* Begin PBXGroup section */
		ED301A6D2B5BB7BC0014C8B4 /* NetworkServices */ = {
			isa = PBXGroup;
			children = (
				ED301A6E2B5BB7E10014C8B4 /* NetworkError.swift */,
				ED301A702B5BB8CC0014C8B4 /* ReceipeFetchService.swift */,
				ED301A822B5C92360014C8B4 /* RecipeDetailsFetchService.swift */,
				EDAB65C02B5CF200001C9792 /* GenericFetch.swift */,
			);
			path = NetworkServices;
			sourceTree = "<group>";
		};
		EDFBAD142B5B35B3002D0E62 = {
			isa = PBXGroup;
			children = (
				EDFBAD1F2B5B35B3002D0E62 /* recipeApp */,
				EDFBAD302B5B35B4002D0E62 /* recipeAppTests */,
				EDFBAD3A2B5B35B4002D0E62 /* recipeAppUITests */,
				EDFBAD1E2B5B35B3002D0E62 /* Products */,
			);
			sourceTree = "<group>";
		};
		EDFBAD1E2B5B35B3002D0E62 /* Products */ = {
			isa = PBXGroup;
			children = (
				EDFBAD1D2B5B35B3002D0E62 /* recipeApp.app */,
				EDFBAD2D2B5B35B4002D0E62 /* recipeAppTests.xctest */,
				EDFBAD372B5B35B4002D0E62 /* recipeAppUITests.xctest */,
			);
			name = Products;
			sourceTree = "<group>";
		};
		EDFBAD1F2B5B35B3002D0E62 /* recipeApp */ = {
			isa = PBXGroup;
			children = (
				ED301A6D2B5BB7BC0014C8B4 /* NetworkServices */,
				EDFBAD4C2B5B35E5002D0E62 /* ViewModel */,
				EDFBAD4B2B5B35D8002D0E62 /* View */,
				EDFBAD4A2B5B35CA002D0E62 /* Model */,
				EDFBAD202B5B35B3002D0E62 /* recipeAppApp.swift */,
				ED8558DF2B5E380800F069D1 /* PersistenceController.swift */,
				EDFBAD222B5B35B3002D0E62 /* ContentView.swift */,
				EDFBAD242B5B35B4002D0E62 /* Assets.xcassets */,
				ED8558D42B5E35E400F069D1 /* AppDataModel.xcdatamodeld */,
				EDFBAD262B5B35B4002D0E62 /* Preview Content */,
			);
			path = recipeApp;
			sourceTree = "<group>";
		};
		EDFBAD262B5B35B4002D0E62 /* Preview Content */ = {
			isa = PBXGroup;
			children = (
				EDFBAD272B5B35B4002D0E62 /* Preview Assets.xcassets */,
			);
			path = "Preview Content";
			sourceTree = "<group>";
		};
		EDFBAD302B5B35B4002D0E62 /* recipeAppTests */ = {
			isa = PBXGroup;
			children = (
				EDFBAD312B5B35B4002D0E62 /* recipeAppTests.swift */,
			);
			path = recipeAppTests;
			sourceTree = "<group>";
		};
		EDFBAD3A2B5B35B4002D0E62 /* recipeAppUITests */ = {
			isa = PBXGroup;
			children = (
				EDFBAD3B2B5B35B4002D0E62 /* recipeAppUITests.swift */,
				EDFBAD3D2B5B35B4002D0E62 /* recipeAppUITestsLaunchTests.swift */,
			);
			path = recipeAppUITests;
			sourceTree = "<group>";
		};
		EDFBAD4A2B5B35CA002D0E62 /* Model */ = {
			isa = PBXGroup;
			children = (
				ED301A6B2B5BB5230014C8B4 /* Recipe.swift */,
				ED301A802B5C909A0014C8B4 /* RecipeDetails.swift */,
			);
			path = Model;
			sourceTree = "<group>";
		};
		EDFBAD4B2B5B35D8002D0E62 /* View */ = {
			isa = PBXGroup;
			children = (
				ED301A742B5C5A290014C8B4 /* MainView.swift */,
				ED301A7E2B5C8BD70014C8B4 /* DetailedView.swift */,
				ED301A762B5C5A5D0014C8B4 /* SearchBar.swift */,
				ED301A782B5C5A750014C8B4 /* CategoryView.swift */,
				ED301A7A2B5C5A870014C8B4 /* RecipeRowView.swift */,
				ED301A7C2B5C850E0014C8B4 /* NetworkErrorView.swift */,
			);
			path = View;
			sourceTree = "<group>";
		};
		EDFBAD4C2B5B35E5002D0E62 /* ViewModel */ = {
			isa = PBXGroup;
			children = (
				ED301A722B5C57BD0014C8B4 /* MainViewModel.swift */,
			);
			path = ViewModel;
			sourceTree = "<group>";
		};
/* End PBXGroup section */

/* Begin PBXNativeTarget section */
		EDFBAD1C2B5B35B3002D0E62 /* recipeApp */ = {
			isa = PBXNativeTarget;
			buildConfigurationList = EDFBAD412B5B35B4002D0E62 /* Build configuration list for PBXNativeTarget "recipeApp" */;
			buildPhases = (
				EDFBAD192B5B35B3002D0E62 /* Sources */,
				EDFBAD1A2B5B35B3002D0E62 /* Frameworks */,
				EDFBAD1B2B5B35B3002D0E62 /* Resources */,
			);
			buildRules = (
			);
			dependencies = (
			);
			name = recipeApp;
			productName = recipeApp;
			productReference = EDFBAD1D2B5B35B3002D0E62 /* recipeApp.app */;
			productType = "com.apple.product-type.application";
		};
		EDFBAD2C2B5B35B4002D0E62 /* recipeAppTests */ = {
			isa = PBXNativeTarget;
			buildConfigurationList = EDFBAD442B5B35B4002D0E62 /* Build configuration list for PBXNativeTarget "recipeAppTests" */;
			buildPhases = (
				EDFBAD292B5B35B4002D0E62 /* Sources */,
				EDFBAD2A2B5B35B4002D0E62 /* Frameworks */,
				EDFBAD2B2B5B35B4002D0E62 /* Resources */,
			);
			buildRules = (
			);
			dependencies = (
				EDFBAD2F2B5B35B4002D0E62 /* PBXTargetDependency */,
			);
			name = recipeAppTests;
			productName = recipeAppTests;
			productReference = EDFBAD2D2B5B35B4002D0E62 /* recipeAppTests.xctest */;
			productType = "com.apple.product-type.bundle.unit-test";
		};
		EDFBAD362B5B35B4002D0E62 /* recipeAppUITests */ = {
			isa = PBXNativeTarget;
			buildConfigurationList = EDFBAD472B5B35B4002D0E62 /* Build configuration list for PBXNativeTarget "recipeAppUITests" */;
			buildPhases = (
				EDFBAD332B5B35B4002D0E62 /* Sources */,
				EDFBAD342B5B35B4002D0E62 /* Frameworks */,
				EDFBAD352B5B35B4002D0E62 /* Resources */,
			);
			buildRules = (
			);
			dependencies = (
				EDFBAD392B5B35B4002D0E62 /* PBXTargetDependency */,
			);
			name = recipeAppUITests;
			productName = recipeAppUITests;
			productReference = EDFBAD372B5B35B4002D0E62 /* recipeAppUITests.xctest */;
			productType = "com.apple.product-type.bundle.ui-testing";
		};
/* End PBXNativeTarget section */

/* Begin PBXProject section */
		EDFBAD152B5B35B3002D0E62 /* Project object */ = {
			isa = PBXProject;
			attributes = {
				BuildIndependentTargetsInParallel = 1;
				LastSwiftUpdateCheck = 1520;
				LastUpgradeCheck = 1520;
				TargetAttributes = {
					EDFBAD1C2B5B35B3002D0E62 = {
						CreatedOnToolsVersion = 15.2;
					};
					EDFBAD2C2B5B35B4002D0E62 = {
						CreatedOnToolsVersion = 15.2;
						TestTargetID = EDFBAD1C2B5B35B3002D0E62;
					};
					EDFBAD362B5B35B4002D0E62 = {
						CreatedOnToolsVersion = 15.2;
						TestTargetID = EDFBAD1C2B5B35B3002D0E62;
					};
				};
			};
			buildConfigurationList = EDFBAD182B5B35B3002D0E62 /* Build configuration list for PBXProject "recipeApp" */;
			compatibilityVersion = "Xcode 14.0";
			developmentRegion = en;
			hasScannedForEncodings = 0;
			knownRegions = (
				en,
				Base,
			);
			mainGroup = EDFBAD142B5B35B3002D0E62;
			productRefGroup = EDFBAD1E2B5B35B3002D0E62 /* Products */;
			projectDirPath = "";
			projectRoot = "";
			targets = (
				EDFBAD1C2B5B35B3002D0E62 /* recipeApp */,
				EDFBAD2C2B5B35B4002D0E62 /* recipeAppTests */,
				EDFBAD362B5B35B4002D0E62 /* recipeAppUITests */,
			);
		};
/* End PBXProject section */

/* Begin PBXResourcesBuildPhase section */
		EDFBAD1B2B5B35B3002D0E62 /* Resources */ = {
			isa = PBXResourcesBuildPhase;
			buildActionMask = 2147483647;
			files = (
				EDFBAD282B5B35B4002D0E62 /* Preview Assets.xcassets in Resources */,
				EDFBAD252B5B35B4002D0E62 /* Assets.xcassets in Resources */,
			);
			runOnlyForDeploymentPostprocessing = 0;
		};
		EDFBAD2B2B5B35B4002D0E62 /* Resources */ = {
			isa = PBXResourcesBuildPhase;
			buildActionMask = 2147483647;
			files = (
			);
			runOnlyForDeploymentPostprocessing = 0;
		};
		EDFBAD352B5B35B4002D0E62 /* Resources */ = {
			isa = PBXResourcesBuildPhase;
			buildActionMask = 2147483647;
			files = (
			);
			runOnlyForDeploymentPostprocessing = 0;
		};
/* End PBXResourcesBuildPhase section */

/* Begin PBXSourcesBuildPhase section */
		EDFBAD192B5B35B3002D0E62 /* Sources */ = {
			isa = PBXSourcesBuildPhase;
			buildActionMask = 2147483647;
			files = (
				ED301A832B5C92360014C8B4 /* RecipeDetailsFetchService.swift in Sources */,
				EDAB65C12B5CF200001C9792 /* GenericFetch.swift in Sources */,
				ED301A7D2B5C850E0014C8B4 /* NetworkErrorView.swift in Sources */,
				ED301A812B5C909A0014C8B4 /* RecipeDetails.swift in Sources */,
				ED301A6C2B5BB5230014C8B4 /* Recipe.swift in Sources */,
				ED301A752B5C5A290014C8B4 /* MainView.swift in Sources */,
				ED301A712B5BB8CC0014C8B4 /* ReceipeFetchService.swift in Sources */,
				ED301A7F2B5C8BD70014C8B4 /* DetailedView.swift in Sources */,
				ED301A6F2B5BB7E10014C8B4 /* NetworkError.swift in Sources */,
				EDFBAD232B5B35B3002D0E62 /* ContentView.swift in Sources */,
				ED301A7B2B5C5A870014C8B4 /* RecipeRowView.swift in Sources */,
				ED301A772B5C5A5D0014C8B4 /* SearchBar.swift in Sources */,
				ED8558E02B5E380800F069D1 /* PersistenceController.swift in Sources */,
				EDFBAD212B5B35B3002D0E62 /* recipeAppApp.swift in Sources */,
				ED8558D62B5E35E400F069D1 /* AppDataModel.xcdatamodeld in Sources */,
				ED301A732B5C57BD0014C8B4 /* MainViewModel.swift in Sources */,
				ED301A792B5C5A750014C8B4 /* CategoryView.swift in Sources */,
			);
			runOnlyForDeploymentPostprocessing = 0;
		};
		EDFBAD292B5B35B4002D0E62 /* Sources */ = {
			isa = PBXSourcesBuildPhase;
			buildActionMask = 2147483647;
			files = (
				EDFBAD322B5B35B4002D0E62 /* recipeAppTests.swift in Sources */,
			);
			runOnlyForDeploymentPostprocessing = 0;
		};
		EDFBAD332B5B35B4002D0E62 /* Sources */ = {
			isa = PBXSourcesBuildPhase;
			buildActionMask = 2147483647;
			files = (
				EDFBAD3E2B5B35B4002D0E62 /* recipeAppUITestsLaunchTests.swift in Sources */,
				EDFBAD3C2B5B35B4002D0E62 /* recipeAppUITests.swift in Sources */,
			);
			runOnlyForDeploymentPostprocessing = 0;
		};
/* End PBXSourcesBuildPhase section */

/* Begin PBXTargetDependency section */
		EDFBAD2F2B5B35B4002D0E62 /* PBXTargetDependency */ = {
			isa = PBXTargetDependency;
			target = EDFBAD1C2B5B35B3002D0E62 /* recipeApp */;
			targetProxy = EDFBAD2E2B5B35B4002D0E62 /* PBXContainerItemProxy */;
		};
		EDFBAD392B5B35B4002D0E62 /* PBXTargetDependency */ = {
			isa = PBXTargetDependency;
			target = EDFBAD1C2B5B35B3002D0E62 /* recipeApp */;
			targetProxy = EDFBAD382B5B35B4002D0E62 /* PBXContainerItemProxy */;
		};
/* End PBXTargetDependency section */

/* Begin XCBuildConfiguration section */
		EDFBAD3F2B5B35B4002D0E62 /* Debug */ = {
			isa = XCBuildConfiguration;
			buildSettings = {
				ALWAYS_SEARCH_USER_PATHS = NO;
				ASSETCATALOG_COMPILER_GENERATE_SWIFT_ASSET_SYMBOL_EXTENSIONS = YES;
				CLANG_ANALYZER_NONNULL = YES;
				CLANG_ANALYZER_NUMBER_OBJECT_CONVERSION = YES_AGGRESSIVE;
				CLANG_CXX_LANGUAGE_STANDARD = "gnu++20";
				CLANG_ENABLE_MODULES = YES;
				CLANG_ENABLE_OBJC_ARC = YES;
				CLANG_ENABLE_OBJC_WEAK = YES;
				CLANG_WARN_BLOCK_CAPTURE_AUTORELEASING = YES;
				CLANG_WARN_BOOL_CONVERSION = YES;
				CLANG_WARN_COMMA = YES;
				CLANG_WARN_CONSTANT_CONVERSION = YES;
				CLANG_WARN_DEPRECATED_OBJC_IMPLEMENTATIONS = YES;
				CLANG_WARN_DIRECT_OBJC_ISA_USAGE = YES_ERROR;
				CLANG_WARN_DOCUMENTATION_COMMENTS = YES;
				CLANG_WARN_EMPTY_BODY = YES;
				CLANG_WARN_ENUM_CONVERSION = YES;
				CLANG_WARN_INFINITE_RECURSION = YES;
				CLANG_WARN_INT_CONVERSION = YES;
				CLANG_WARN_NON_LITERAL_NULL_CONVERSION = YES;
				CLANG_WARN_OBJC_IMPLICIT_RETAIN_SELF = YES;
				CLANG_WARN_OBJC_LITERAL_CONVERSION = YES;
				CLANG_WARN_OBJC_ROOT_CLASS = YES_ERROR;
				CLANG_WARN_QUOTED_INCLUDE_IN_FRAMEWORK_HEADER = YES;
				CLANG_WARN_RANGE_LOOP_ANALYSIS = YES;
				CLANG_WARN_STRICT_PROTOTYPES = YES;
				CLANG_WARN_SUSPICIOUS_MOVE = YES;
				CLANG_WARN_UNGUARDED_AVAILABILITY = YES_AGGRESSIVE;
				CLANG_WARN_UNREACHABLE_CODE = YES;
				CLANG_WARN__DUPLICATE_METHOD_MATCH = YES;
				COPY_PHASE_STRIP = NO;
				DEBUG_INFORMATION_FORMAT = dwarf;
				ENABLE_STRICT_OBJC_MSGSEND = YES;
				ENABLE_TESTABILITY = YES;
				ENABLE_USER_SCRIPT_SANDBOXING = YES;
				GCC_C_LANGUAGE_STANDARD = gnu17;
				GCC_DYNAMIC_NO_PIC = NO;
				GCC_NO_COMMON_BLOCKS = YES;
				GCC_OPTIMIZATION_LEVEL = 0;
				GCC_PREPROCESSOR_DEFINITIONS = (
					"DEBUG=1",
					"$(inherited)",
				);
				GCC_WARN_64_TO_32_BIT_CONVERSION = YES;
				GCC_WARN_ABOUT_RETURN_TYPE = YES_ERROR;
				GCC_WARN_UNDECLARED_SELECTOR = YES;
				GCC_WARN_UNINITIALIZED_AUTOS = YES_AGGRESSIVE;
				GCC_WARN_UNUSED_FUNCTION = YES;
				GCC_WARN_UNUSED_VARIABLE = YES;
				IPHONEOS_DEPLOYMENT_TARGET = 17.2;
				LOCALIZATION_PREFERS_STRING_CATALOGS = YES;
				MTL_ENABLE_DEBUG_INFO = INCLUDE_SOURCE;
				MTL_FAST_MATH = YES;
				ONLY_ACTIVE_ARCH = YES;
				SDKROOT = iphoneos;
				SWIFT_ACTIVE_COMPILATION_CONDITIONS = "DEBUG $(inherited)";
				SWIFT_OPTIMIZATION_LEVEL = "-Onone";
			};
			name = Debug;
		};
		EDFBAD402B5B35B4002D0E62 /* Release */ = {
			isa = XCBuildConfiguration;
			buildSettings = {
				ALWAYS_SEARCH_USER_PATHS = NO;
				ASSETCATALOG_COMPILER_GENERATE_SWIFT_ASSET_SYMBOL_EXTENSIONS = YES;
				CLANG_ANALYZER_NONNULL = YES;
				CLANG_ANALYZER_NUMBER_OBJECT_CONVERSION = YES_AGGRESSIVE;
				CLANG_CXX_LANGUAGE_STANDARD = "gnu++20";
				CLANG_ENABLE_MODULES = YES;
				CLANG_ENABLE_OBJC_ARC = YES;
				CLANG_ENABLE_OBJC_WEAK = YES;
				CLANG_WARN_BLOCK_CAPTURE_AUTORELEASING = YES;
				CLANG_WARN_BOOL_CONVERSION = YES;
				CLANG_WARN_COMMA = YES;
				CLANG_WARN_CONSTANT_CONVERSION = YES;
				CLANG_WARN_DEPRECATED_OBJC_IMPLEMENTATIONS = YES;
				CLANG_WARN_DIRECT_OBJC_ISA_USAGE = YES_ERROR;
				CLANG_WARN_DOCUMENTATION_COMMENTS = YES;
				CLANG_WARN_EMPTY_BODY = YES;
				CLANG_WARN_ENUM_CONVERSION = YES;
				CLANG_WARN_INFINITE_RECURSION = YES;
				CLANG_WARN_INT_CONVERSION = YES;
				CLANG_WARN_NON_LITERAL_NULL_CONVERSION = YES;
				CLANG_WARN_OBJC_IMPLICIT_RETAIN_SELF = YES;
				CLANG_WARN_OBJC_LITERAL_CONVERSION = YES;
				CLANG_WARN_OBJC_ROOT_CLASS = YES_ERROR;
				CLANG_WARN_QUOTED_INCLUDE_IN_FRAMEWORK_HEADER = YES;
				CLANG_WARN_RANGE_LOOP_ANALYSIS = YES;
				CLANG_WARN_STRICT_PROTOTYPES = YES;
				CLANG_WARN_SUSPICIOUS_MOVE = YES;
				CLANG_WARN_UNGUARDED_AVAILABILITY = YES_AGGRESSIVE;
				CLANG_WARN_UNREACHABLE_CODE = YES;
				CLANG_WARN__DUPLICATE_METHOD_MATCH = YES;
				COPY_PHASE_STRIP = NO;
				DEBUG_INFORMATION_FORMAT = "dwarf-with-dsym";
				ENABLE_NS_ASSERTIONS = NO;
				ENABLE_STRICT_OBJC_MSGSEND = YES;
				ENABLE_USER_SCRIPT_SANDBOXING = YES;
				GCC_C_LANGUAGE_STANDARD = gnu17;
				GCC_NO_COMMON_BLOCKS = YES;
				GCC_WARN_64_TO_32_BIT_CONVERSION = YES;
				GCC_WARN_ABOUT_RETURN_TYPE = YES_ERROR;
				GCC_WARN_UNDECLARED_SELECTOR = YES;
				GCC_WARN_UNINITIALIZED_AUTOS = YES_AGGRESSIVE;
				GCC_WARN_UNUSED_FUNCTION = YES;
				GCC_WARN_UNUSED_VARIABLE = YES;
				IPHONEOS_DEPLOYMENT_TARGET = 17.2;
				LOCALIZATION_PREFERS_STRING_CATALOGS = YES;
				MTL_ENABLE_DEBUG_INFO = NO;
				MTL_FAST_MATH = YES;
				SDKROOT = iphoneos;
				SWIFT_COMPILATION_MODE = wholemodule;
				VALIDATE_PRODUCT = YES;
			};
			name = Release;
		};
		EDFBAD422B5B35B4002D0E62 /* Debug */ = {
			isa = XCBuildConfiguration;
			buildSettings = {
				ASSETCATALOG_COMPILER_APPICON_NAME = AppIcon;
				ASSETCATALOG_COMPILER_GLOBAL_ACCENT_COLOR_NAME = AccentColor;
				CODE_SIGN_STYLE = Automatic;
				CURRENT_PROJECT_VERSION = 1;
				DEVELOPMENT_ASSET_PATHS = "\"recipeApp/Preview Content\"";
				DEVELOPMENT_TEAM = A2CFM89RV4;
				ENABLE_PREVIEWS = YES;
				GENERATE_INFOPLIST_FILE = YES;
				INFOPLIST_KEY_UIApplicationSceneManifest_Generation = YES;
				INFOPLIST_KEY_UIApplicationSupportsIndirectInputEvents = YES;
				INFOPLIST_KEY_UILaunchScreen_Generation = YES;
				INFOPLIST_KEY_UISupportedInterfaceOrientations_iPad = "UIInterfaceOrientationPortrait UIInterfaceOrientationPortraitUpsideDown UIInterfaceOrientationLandscapeLeft UIInterfaceOrientationLandscapeRight";
				INFOPLIST_KEY_UISupportedInterfaceOrientations_iPhone = "UIInterfaceOrientationPortrait UIInterfaceOrientationLandscapeLeft UIInterfaceOrientationLandscapeRight";
				LD_RUNPATH_SEARCH_PATHS = (
					"$(inherited)",
					"@executable_path/Frameworks",
				);
				MARKETING_VERSION = 1.0;
				PRODUCT_BUNDLE_IDENTIFIER = recipe.xyz.recipeApp;
				PRODUCT_NAME = "$(TARGET_NAME)";
				SWIFT_EMIT_LOC_STRINGS = YES;
				SWIFT_VERSION = 5.0;
				TARGETED_DEVICE_FAMILY = "1,2";
			};
			name = Debug;
		};
		EDFBAD432B5B35B4002D0E62 /* Release */ = {
			isa = XCBuildConfiguration;
			buildSettings = {
				ASSETCATALOG_COMPILER_APPICON_NAME = AppIcon;
				ASSETCATALOG_COMPILER_GLOBAL_ACCENT_COLOR_NAME = AccentColor;
				CODE_SIGN_STYLE = Automatic;
				CURRENT_PROJECT_VERSION = 1;
				DEVELOPMENT_ASSET_PATHS = "\"recipeApp/Preview Content\"";
				DEVELOPMENT_TEAM = A2CFM89RV4;
				ENABLE_PREVIEWS = YES;
				GENERATE_INFOPLIST_FILE = YES;
				INFOPLIST_KEY_UIApplicationSceneManifest_Generation = YES;
				INFOPLIST_KEY_UIApplicationSupportsIndirectInputEvents = YES;
				INFOPLIST_KEY_UILaunchScreen_Generation = YES;
				INFOPLIST_KEY_UISupportedInterfaceOrientations_iPad = "UIInterfaceOrientationPortrait UIInterfaceOrientationPortraitUpsideDown UIInterfaceOrientationLandscapeLeft UIInterfaceOrientationLandscapeRight";
				INFOPLIST_KEY_UISupportedInterfaceOrientations_iPhone = "UIInterfaceOrientationPortrait UIInterfaceOrientationLandscapeLeft UIInterfaceOrientationLandscapeRight";
				LD_RUNPATH_SEARCH_PATHS = (
					"$(inherited)",
					"@executable_path/Frameworks",
				);
				MARKETING_VERSION = 1.0;
				PRODUCT_BUNDLE_IDENTIFIER = recipe.xyz.recipeApp;
				PRODUCT_NAME = "$(TARGET_NAME)";
				SWIFT_EMIT_LOC_STRINGS = YES;
				SWIFT_VERSION = 5.0;
				TARGETED_DEVICE_FAMILY = "1,2";
			};
			name = Release;
		};
		EDFBAD452B5B35B4002D0E62 /* Debug */ = {
			isa = XCBuildConfiguration;
			buildSettings = {
				ALWAYS_EMBED_SWIFT_STANDARD_LIBRARIES = YES;
				BUNDLE_LOADER = "$(TEST_HOST)";
				CODE_SIGN_STYLE = Automatic;
				CURRENT_PROJECT_VERSION = 1;
				DEVELOPMENT_TEAM = A2CFM89RV4;
				GENERATE_INFOPLIST_FILE = YES;
				IPHONEOS_DEPLOYMENT_TARGET = 17.2;
				MARKETING_VERSION = 1.0;
				PRODUCT_BUNDLE_IDENTIFIER = recipe.xyz.recipeAppTests;
				PRODUCT_NAME = "$(TARGET_NAME)";
				SWIFT_EMIT_LOC_STRINGS = NO;
				SWIFT_VERSION = 5.0;
				TARGETED_DEVICE_FAMILY = "1,2";
				TEST_HOST = "$(BUILT_PRODUCTS_DIR)/recipeApp.app/$(BUNDLE_EXECUTABLE_FOLDER_PATH)/recipeApp";
			};
			name = Debug;
		};
		EDFBAD462B5B35B4002D0E62 /* Release */ = {
			isa = XCBuildConfiguration;
			buildSettings = {
				ALWAYS_EMBED_SWIFT_STANDARD_LIBRARIES = YES;
				BUNDLE_LOADER = "$(TEST_HOST)";
				CODE_SIGN_STYLE = Automatic;
				CURRENT_PROJECT_VERSION = 1;
				DEVELOPMENT_TEAM = A2CFM89RV4;
				GENERATE_INFOPLIST_FILE = YES;
				IPHONEOS_DEPLOYMENT_TARGET = 17.2;
				MARKETING_VERSION = 1.0;
				PRODUCT_BUNDLE_IDENTIFIER = recipe.xyz.recipeAppTests;
				PRODUCT_NAME = "$(TARGET_NAME)";
				SWIFT_EMIT_LOC_STRINGS = NO;
				SWIFT_VERSION = 5.0;
				TARGETED_DEVICE_FAMILY = "1,2";
				TEST_HOST = "$(BUILT_PRODUCTS_DIR)/recipeApp.app/$(BUNDLE_EXECUTABLE_FOLDER_PATH)/recipeApp";
			};
			name = Release;
		};
		EDFBAD482B5B35B4002D0E62 /* Debug */ = {
			isa = XCBuildConfiguration;
			buildSettings = {
				ALWAYS_EMBED_SWIFT_STANDARD_LIBRARIES = YES;
				CODE_SIGN_STYLE = Automatic;
				CURRENT_PROJECT_VERSION = 1;
				DEVELOPMENT_TEAM = A2CFM89RV4;
				GENERATE_INFOPLIST_FILE = YES;
				MARKETING_VERSION = 1.0;
				PRODUCT_BUNDLE_IDENTIFIER = recipe.xyz.recipeAppUITests;
				PRODUCT_NAME = "$(TARGET_NAME)";
				SWIFT_EMIT_LOC_STRINGS = NO;
				SWIFT_VERSION = 5.0;
				TARGETED_DEVICE_FAMILY = "1,2";
				TEST_TARGET_NAME = recipeApp;
			};
			name = Debug;
		};
		EDFBAD492B5B35B4002D0E62 /* Release */ = {
			isa = XCBuildConfiguration;
			buildSettings = {
				ALWAYS_EMBED_SWIFT_STANDARD_LIBRARIES = YES;
				CODE_SIGN_STYLE = Automatic;
				CURRENT_PROJECT_VERSION = 1;
				DEVELOPMENT_TEAM = A2CFM89RV4;
				GENERATE_INFOPLIST_FILE = YES;
				MARKETING_VERSION = 1.0;
				PRODUCT_BUNDLE_IDENTIFIER = recipe.xyz.recipeAppUITests;
				PRODUCT_NAME = "$(TARGET_NAME)";
				SWIFT_EMIT_LOC_STRINGS = NO;
				SWIFT_VERSION = 5.0;
				TARGETED_DEVICE_FAMILY = "1,2";
				TEST_TARGET_NAME = recipeApp;
			};
			name = Release;
		};
/* End XCBuildConfiguration section */

/* Begin XCConfigurationList section */
		EDFBAD182B5B35B3002D0E62 /* Build configuration list for PBXProject "recipeApp" */ = {
			isa = XCConfigurationList;
			buildConfigurations = (
				EDFBAD3F2B5B35B4002D0E62 /* Debug */,
				EDFBAD402B5B35B4002D0E62 /* Release */,
			);
			defaultConfigurationIsVisible = 0;
			defaultConfigurationName = Release;
		};
		EDFBAD412B5B35B4002D0E62 /* Build configuration list for PBXNativeTarget "recipeApp" */ = {
			isa = XCConfigurationList;
			buildConfigurations = (
				EDFBAD422B5B35B4002D0E62 /* Debug */,
				EDFBAD432B5B35B4002D0E62 /* Release */,
			);
			defaultConfigurationIsVisible = 0;
			defaultConfigurationName = Release;
		};
		EDFBAD442B5B35B4002D0E62 /* Build configuration list for PBXNativeTarget "recipeAppTests" */ = {
			isa = XCConfigurationList;
			buildConfigurations = (
				EDFBAD452B5B35B4002D0E62 /* Debug */,
				EDFBAD462B5B35B4002D0E62 /* Release */,
			);
			defaultConfigurationIsVisible = 0;
			defaultConfigurationName = Release;
		};
		EDFBAD472B5B35B4002D0E62 /* Build configuration list for PBXNativeTarget "recipeAppUITests" */ = {
			isa = XCConfigurationList;
			buildConfigurations = (
				EDFBAD482B5B35B4002D0E62 /* Debug */,
				EDFBAD492B5B35B4002D0E62 /* Release */,
			);
			defaultConfigurationIsVisible = 0;
			defaultConfigurationName = Release;
		};
/* End XCConfigurationList section */

/* Begin XCVersionGroup section */
		ED8558D42B5E35E400F069D1 /* AppDataModel.xcdatamodeld */ = {
			isa = XCVersionGroup;
			children = (
				ED8558D52B5E35E400F069D1 /* AppDataModel.xcdatamodel */,
			);
			currentVersion = ED8558D52B5E35E400F069D1 /* AppDataModel.xcdatamodel */;
			path = AppDataModel.xcdatamodeld;
			sourceTree = "<group>";
			versionGroupType = wrapper.xcdatamodel;
		};
/* End XCVersionGroup section */
	};
	rootObject = EDFBAD152B5B35B3002D0E62 /* Project object */;
}
